// !$*UTF8*$!
{
	archiveVersion = 1;
	classes = {
	};
	objectVersion = 56;
	objects = {

/* Begin PBXBuildFile section */
		AFDC1CCC29472EEA00A19D1B /* AppDelegate.swift in Sources */ = {isa = PBXBuildFile; fileRef = AFDC1CCB29472EEA00A19D1B /* AppDelegate.swift */; };
		AFDC1CCE29472EEA00A19D1B /* SceneDelegate.swift in Sources */ = {isa = PBXBuildFile; fileRef = AFDC1CCD29472EEA00A19D1B /* SceneDelegate.swift */; };
		AFDC1CD029472EEA00A19D1B /* ViewController.swift in Sources */ = {isa = PBXBuildFile; fileRef = AFDC1CCF29472EEA00A19D1B /* ViewController.swift */; };
		AFDC1CD329472EEA00A19D1B /* Main.storyboard in Resources */ = {isa = PBXBuildFile; fileRef = AFDC1CD129472EEA00A19D1B /* Main.storyboard */; };
		AFDC1CD529472EEC00A19D1B /* Assets.xcassets in Resources */ = {isa = PBXBuildFile; fileRef = AFDC1CD429472EEC00A19D1B /* Assets.xcassets */; };
		AFDC1CD829472EEC00A19D1B /* LaunchScreen.storyboard in Resources */ = {isa = PBXBuildFile; fileRef = AFDC1CD629472EEC00A19D1B /* LaunchScreen.storyboard */; };
		AFDC1CE029472FD000A19D1B /* RequestMethod.swift in Sources */ = {isa = PBXBuildFile; fileRef = AFDC1CDF29472FD000A19D1B /* RequestMethod.swift */; };
		AFDC1CE429472FED00A19D1B /* ApiConstant.swift in Sources */ = {isa = PBXBuildFile; fileRef = AFDC1CE329472FED00A19D1B /* ApiConstant.swift */; };
		AFDC1CE72947300A00A19D1B /* ApiError.swift in Sources */ = {isa = PBXBuildFile; fileRef = AFDC1CE62947300A00A19D1B /* ApiError.swift */; };
		AFDC1CEA2947302600A19D1B /* Requestable.swift in Sources */ = {isa = PBXBuildFile; fileRef = AFDC1CE92947302600A19D1B /* Requestable.swift */; };
		AFDC1CED2947304E00A19D1B /* UrlSessionManager.swift in Sources */ = {isa = PBXBuildFile; fileRef = AFDC1CEC2947304E00A19D1B /* UrlSessionManager.swift */; };
		AFDC1CF0294730B900A19D1B /* Requestable+Extension.swift in Sources */ = {isa = PBXBuildFile; fileRef = AFDC1CEF294730B900A19D1B /* Requestable+Extension.swift */; };
		AFDC1CF4294730D400A19D1B /* String+Extension.swift in Sources */ = {isa = PBXBuildFile; fileRef = AFDC1CF3294730D400A19D1B /* String+Extension.swift */; };
		AFDC1CF8294732C500A19D1B /* MainViewController.swift in Sources */ = {isa = PBXBuildFile; fileRef = AFDC1CF6294732C500A19D1B /* MainViewController.swift */; };
		AFDC1CF9294732C500A19D1B /* MainViewController.xib in Resources */ = {isa = PBXBuildFile; fileRef = AFDC1CF7294732C500A19D1B /* MainViewController.xib */; };
		AFDC1CFF2947330C00A19D1B /* CategoryListRequestModel.swift in Sources */ = {isa = PBXBuildFile; fileRef = AFDC1CFE2947330C00A19D1B /* CategoryListRequestModel.swift */; };
		AFDC1D032947333A00A19D1B /* CategoryListResponseModel.swift in Sources */ = {isa = PBXBuildFile; fileRef = AFDC1D022947333A00A19D1B /* CategoryListResponseModel.swift */; };
		AFDC1D062947336100A19D1B /* MainNetworkManager.swift in Sources */ = {isa = PBXBuildFile; fileRef = AFDC1D052947336100A19D1B /* MainNetworkManager.swift */; };
		AFDC1D092947338300A19D1B /* MainDataProviderProtocol.swift in Sources */ = {isa = PBXBuildFile; fileRef = AFDC1D082947338300A19D1B /* MainDataProviderProtocol.swift */; };
		AFDC1D0C2947339F00A19D1B /* MainViewModelProtocol.swift in Sources */ = {isa = PBXBuildFile; fileRef = AFDC1D0B2947339F00A19D1B /* MainViewModelProtocol.swift */; };
		AFDC1D0E294733B400A19D1B /* MainFetchable.swift in Sources */ = {isa = PBXBuildFile; fileRef = AFDC1D0D294733B400A19D1B /* MainFetchable.swift */; };
		AFDC1D10294733CF00A19D1B /* MainDataProvider.swift in Sources */ = {isa = PBXBuildFile; fileRef = AFDC1D0F294733CF00A19D1B /* MainDataProvider.swift */; };
		AFDC1D13294733E100A19D1B /* MainViewModel.swift in Sources */ = {isa = PBXBuildFile; fileRef = AFDC1D12294733E100A19D1B /* MainViewModel.swift */; };
/* End PBXBuildFile section */

/* Begin PBXFileReference section */
		AFDC1CC829472EEA00A19D1B /* PlayerArea.app */ = {isa = PBXFileReference; explicitFileType = wrapper.application; includeInIndex = 0; path = PlayerArea.app; sourceTree = BUILT_PRODUCTS_DIR; };
		AFDC1CCB29472EEA00A19D1B /* AppDelegate.swift */ = {isa = PBXFileReference; lastKnownFileType = sourcecode.swift; path = AppDelegate.swift; sourceTree = "<group>"; };
		AFDC1CCD29472EEA00A19D1B /* SceneDelegate.swift */ = {isa = PBXFileReference; lastKnownFileType = sourcecode.swift; path = SceneDelegate.swift; sourceTree = "<group>"; };
		AFDC1CCF29472EEA00A19D1B /* ViewController.swift */ = {isa = PBXFileReference; lastKnownFileType = sourcecode.swift; path = ViewController.swift; sourceTree = "<group>"; };
		AFDC1CD229472EEA00A19D1B /* Base */ = {isa = PBXFileReference; lastKnownFileType = file.storyboard; name = Base; path = Base.lproj/Main.storyboard; sourceTree = "<group>"; };
		AFDC1CD429472EEC00A19D1B /* Assets.xcassets */ = {isa = PBXFileReference; lastKnownFileType = folder.assetcatalog; path = Assets.xcassets; sourceTree = "<group>"; };
		AFDC1CD729472EEC00A19D1B /* Base */ = {isa = PBXFileReference; lastKnownFileType = file.storyboard; name = Base; path = Base.lproj/LaunchScreen.storyboard; sourceTree = "<group>"; };
		AFDC1CD929472EEC00A19D1B /* Info.plist */ = {isa = PBXFileReference; lastKnownFileType = text.plist.xml; path = Info.plist; sourceTree = "<group>"; };
		AFDC1CDF29472FD000A19D1B /* RequestMethod.swift */ = {isa = PBXFileReference; lastKnownFileType = sourcecode.swift; path = RequestMethod.swift; sourceTree = "<group>"; };
		AFDC1CE329472FED00A19D1B /* ApiConstant.swift */ = {isa = PBXFileReference; lastKnownFileType = sourcecode.swift; path = ApiConstant.swift; sourceTree = "<group>"; };
		AFDC1CE62947300A00A19D1B /* ApiError.swift */ = {isa = PBXFileReference; lastKnownFileType = sourcecode.swift; path = ApiError.swift; sourceTree = "<group>"; };
		AFDC1CE92947302600A19D1B /* Requestable.swift */ = {isa = PBXFileReference; lastKnownFileType = sourcecode.swift; path = Requestable.swift; sourceTree = "<group>"; };
		AFDC1CEC2947304E00A19D1B /* UrlSessionManager.swift */ = {isa = PBXFileReference; lastKnownFileType = sourcecode.swift; path = UrlSessionManager.swift; sourceTree = "<group>"; };
		AFDC1CEF294730B900A19D1B /* Requestable+Extension.swift */ = {isa = PBXFileReference; lastKnownFileType = sourcecode.swift; path = "Requestable+Extension.swift"; sourceTree = "<group>"; };
		AFDC1CF3294730D400A19D1B /* String+Extension.swift */ = {isa = PBXFileReference; lastKnownFileType = sourcecode.swift; path = "String+Extension.swift"; sourceTree = "<group>"; };
		AFDC1CF6294732C500A19D1B /* MainViewController.swift */ = {isa = PBXFileReference; lastKnownFileType = sourcecode.swift; path = MainViewController.swift; sourceTree = "<group>"; };
		AFDC1CF7294732C500A19D1B /* MainViewController.xib */ = {isa = PBXFileReference; lastKnownFileType = file.xib; path = MainViewController.xib; sourceTree = "<group>"; };
		AFDC1CFE2947330C00A19D1B /* CategoryListRequestModel.swift */ = {isa = PBXFileReference; lastKnownFileType = sourcecode.swift; path = CategoryListRequestModel.swift; sourceTree = "<group>"; };
		AFDC1D022947333A00A19D1B /* CategoryListResponseModel.swift */ = {isa = PBXFileReference; lastKnownFileType = sourcecode.swift; path = CategoryListResponseModel.swift; sourceTree = "<group>"; };
		AFDC1D052947336100A19D1B /* MainNetworkManager.swift */ = {isa = PBXFileReference; lastKnownFileType = sourcecode.swift; path = MainNetworkManager.swift; sourceTree = "<group>"; };
		AFDC1D082947338300A19D1B /* MainDataProviderProtocol.swift */ = {isa = PBXFileReference; lastKnownFileType = sourcecode.swift; path = MainDataProviderProtocol.swift; sourceTree = "<group>"; };
		AFDC1D0B2947339F00A19D1B /* MainViewModelProtocol.swift */ = {isa = PBXFileReference; lastKnownFileType = sourcecode.swift; path = MainViewModelProtocol.swift; sourceTree = "<group>"; };
		AFDC1D0D294733B400A19D1B /* MainFetchable.swift */ = {isa = PBXFileReference; lastKnownFileType = sourcecode.swift; path = MainFetchable.swift; sourceTree = "<group>"; };
		AFDC1D0F294733CF00A19D1B /* MainDataProvider.swift */ = {isa = PBXFileReference; lastKnownFileType = sourcecode.swift; path = MainDataProvider.swift; sourceTree = "<group>"; };
		AFDC1D12294733E100A19D1B /* MainViewModel.swift */ = {isa = PBXFileReference; lastKnownFileType = sourcecode.swift; path = MainViewModel.swift; sourceTree = "<group>"; };
/* End PBXFileReference section */

/* Begin PBXFrameworksBuildPhase section */
		AFDC1CC529472EEA00A19D1B /* Frameworks */ = {
			isa = PBXFrameworksBuildPhase;
			buildActionMask = 2147483647;
			files = (
			);
			runOnlyForDeploymentPostprocessing = 0;
		};
/* End PBXFrameworksBuildPhase section */

/* Begin PBXGroup section */
		AFDC1CBF29472EEA00A19D1B = {
			isa = PBXGroup;
			children = (
				AFDC1CCA29472EEA00A19D1B /* PlayerArea */,
				AFDC1CC929472EEA00A19D1B /* Products */,
			);
			sourceTree = "<group>";
		};
		AFDC1CC929472EEA00A19D1B /* Products */ = {
			isa = PBXGroup;
			children = (
				AFDC1CC829472EEA00A19D1B /* PlayerArea.app */,
			);
			name = Products;
			sourceTree = "<group>";
		};
		AFDC1CCA29472EEA00A19D1B /* PlayerArea */ = {
			isa = PBXGroup;
			children = (
				AFDC1CCB29472EEA00A19D1B /* AppDelegate.swift */,
				AFDC1CCD29472EEA00A19D1B /* SceneDelegate.swift */,
				AFDC1CCF29472EEA00A19D1B /* ViewController.swift */,
				AFDC1CFB294732D000A19D1B /* Modules */,
				AFDC1CF1294730BF00A19D1B /* Extensions */,
				AFDC1CEE2947305300A19D1B /* NetworkManager */,
				AFDC1CE229472FDC00A19D1B /* Network */,
				AFDC1CD129472EEA00A19D1B /* Main.storyboard */,
				AFDC1CD429472EEC00A19D1B /* Assets.xcassets */,
				AFDC1CD629472EEC00A19D1B /* LaunchScreen.storyboard */,
				AFDC1CD929472EEC00A19D1B /* Info.plist */,
			);
			path = PlayerArea;
			sourceTree = "<group>";
		};
		AFDC1CE129472FD500A19D1B /* RequestMethod */ = {
			isa = PBXGroup;
			children = (
				AFDC1CDF29472FD000A19D1B /* RequestMethod.swift */,
			);
			path = RequestMethod;
			sourceTree = "<group>";
		};
		AFDC1CE229472FDC00A19D1B /* Network */ = {
			isa = PBXGroup;
			children = (
				AFDC1CE129472FD500A19D1B /* RequestMethod */,
				AFDC1CE529472FF200A19D1B /* ApiConstant */,
				AFDC1CE82947300F00A19D1B /* ApiError */,
				AFDC1CEB2947302E00A19D1B /* Requestable */,
			);
			path = Network;
			sourceTree = "<group>";
		};
		AFDC1CE529472FF200A19D1B /* ApiConstant */ = {
			isa = PBXGroup;
			children = (
				AFDC1CE329472FED00A19D1B /* ApiConstant.swift */,
			);
			path = ApiConstant;
			sourceTree = "<group>";
		};
		AFDC1CE82947300F00A19D1B /* ApiError */ = {
			isa = PBXGroup;
			children = (
				AFDC1CE62947300A00A19D1B /* ApiError.swift */,
			);
			path = ApiError;
			sourceTree = "<group>";
		};
		AFDC1CEB2947302E00A19D1B /* Requestable */ = {
			isa = PBXGroup;
			children = (
				AFDC1CE92947302600A19D1B /* Requestable.swift */,
			);
			path = Requestable;
			sourceTree = "<group>";
		};
		AFDC1CEE2947305300A19D1B /* NetworkManager */ = {
			isa = PBXGroup;
			children = (
				AFDC1CEC2947304E00A19D1B /* UrlSessionManager.swift */,
			);
			path = NetworkManager;
			sourceTree = "<group>";
		};
		AFDC1CF1294730BF00A19D1B /* Extensions */ = {
			isa = PBXGroup;
			children = (
				AFDC1CF2294730C600A19D1B /* Requestable */,
				AFDC1CF5294730D700A19D1B /* String */,
			);
			path = Extensions;
			sourceTree = "<group>";
		};
		AFDC1CF2294730C600A19D1B /* Requestable */ = {
			isa = PBXGroup;
			children = (
				AFDC1CEF294730B900A19D1B /* Requestable+Extension.swift */,
			);
			path = Requestable;
			sourceTree = "<group>";
		};
		AFDC1CF5294730D700A19D1B /* String */ = {
			isa = PBXGroup;
			children = (
				AFDC1CF3294730D400A19D1B /* String+Extension.swift */,
			);
			path = String;
			sourceTree = "<group>";
		};
		AFDC1CFA294732C900A19D1B /* Main */ = {
			isa = PBXGroup;
			children = (
				AFDC1CFD294732E100A19D1B /* View */,
				AFDC1D012947332100A19D1B /* Models */,
				AFDC1D072947336600A19D1B /* NetworkManager */,
				AFDC1D0A2947338600A19D1B /* Protocols */,
				AFDC1D11294733D400A19D1B /* ViewModel */,
			);
			path = Main;
			sourceTree = "<group>";
		};
		AFDC1CFB294732D000A19D1B /* Modules */ = {
			isa = PBXGroup;
			children = (
				AFDC1CFA294732C900A19D1B /* Main */,
			);
			path = Modules;
			sourceTree = "<group>";
		};
		AFDC1CFD294732E100A19D1B /* View */ = {
			isa = PBXGroup;
			children = (
				AFDC1CF6294732C500A19D1B /* MainViewController.swift */,
				AFDC1CF7294732C500A19D1B /* MainViewController.xib */,
			);
			path = View;
			sourceTree = "<group>";
		};
		AFDC1D002947331100A19D1B /* Requests */ = {
			isa = PBXGroup;
			children = (
				AFDC1CFE2947330C00A19D1B /* CategoryListRequestModel.swift */,
			);
			path = Requests;
			sourceTree = "<group>";
		};
		AFDC1D012947332100A19D1B /* Models */ = {
			isa = PBXGroup;
			children = (
				AFDC1D002947331100A19D1B /* Requests */,
				AFDC1D042947333D00A19D1B /* Responses */,
			);
			path = Models;
			sourceTree = "<group>";
		};
		AFDC1D042947333D00A19D1B /* Responses */ = {
			isa = PBXGroup;
			children = (
				AFDC1D022947333A00A19D1B /* CategoryListResponseModel.swift */,
			);
			path = Responses;
			sourceTree = "<group>";
		};
		AFDC1D072947336600A19D1B /* NetworkManager */ = {
			isa = PBXGroup;
			children = (
				AFDC1D052947336100A19D1B /* MainNetworkManager.swift */,
			);
			path = NetworkManager;
			sourceTree = "<group>";
		};
		AFDC1D0A2947338600A19D1B /* Protocols */ = {
			isa = PBXGroup;
			children = (
				AFDC1D082947338300A19D1B /* MainDataProviderProtocol.swift */,
				AFDC1D0B2947339F00A19D1B /* MainViewModelProtocol.swift */,
				AFDC1D0D294733B400A19D1B /* MainFetchable.swift */,
			);
			path = Protocols;
			sourceTree = "<group>";
		};
		AFDC1D11294733D400A19D1B /* ViewModel */ = {
			isa = PBXGroup;
			children = (
				AFDC1D0F294733CF00A19D1B /* MainDataProvider.swift */,
				AFDC1D12294733E100A19D1B /* MainViewModel.swift */,
			);
			path = ViewModel;
			sourceTree = "<group>";
		};
/* End PBXGroup section */

/* Begin PBXNativeTarget section */
		AFDC1CC729472EEA00A19D1B /* PlayerArea */ = {
			isa = PBXNativeTarget;
			buildConfigurationList = AFDC1CDC29472EEC00A19D1B /* Build configuration list for PBXNativeTarget "PlayerArea" */;
			buildPhases = (
				AFDC1CC429472EEA00A19D1B /* Sources */,
				AFDC1CC529472EEA00A19D1B /* Frameworks */,
				AFDC1CC629472EEA00A19D1B /* Resources */,
			);
			buildRules = (
			);
			dependencies = (
			);
			name = PlayerArea;
			productName = PlayerArea;
			productReference = AFDC1CC829472EEA00A19D1B /* PlayerArea.app */;
			productType = "com.apple.product-type.application";
		};
/* End PBXNativeTarget section */

/* Begin PBXProject section */
		AFDC1CC029472EEA00A19D1B /* Project object */ = {
			isa = PBXProject;
			attributes = {
				BuildIndependentTargetsInParallel = 1;
				LastSwiftUpdateCheck = 1400;
				LastUpgradeCheck = 1400;
				TargetAttributes = {
					AFDC1CC729472EEA00A19D1B = {
						CreatedOnToolsVersion = 14.0.1;
					};
				};
			};
			buildConfigurationList = AFDC1CC329472EEA00A19D1B /* Build configuration list for PBXProject "PlayerArea" */;
			compatibilityVersion = "Xcode 14.0";
			developmentRegion = en;
			hasScannedForEncodings = 0;
			knownRegions = (
				en,
				Base,
			);
			mainGroup = AFDC1CBF29472EEA00A19D1B;
			productRefGroup = AFDC1CC929472EEA00A19D1B /* Products */;
			projectDirPath = "";
			projectRoot = "";
			targets = (
				AFDC1CC729472EEA00A19D1B /* PlayerArea */,
			);
		};
/* End PBXProject section */

/* Begin PBXResourcesBuildPhase section */
		AFDC1CC629472EEA00A19D1B /* Resources */ = {
			isa = PBXResourcesBuildPhase;
			buildActionMask = 2147483647;
			files = (
				AFDC1CD829472EEC00A19D1B /* LaunchScreen.storyboard in Resources */,
				AFDC1CD529472EEC00A19D1B /* Assets.xcassets in Resources */,
				AFDC1CD329472EEA00A19D1B /* Main.storyboard in Resources */,
				AFDC1CF9294732C500A19D1B /* MainViewController.xib in Resources */,
			);
			runOnlyForDeploymentPostprocessing = 0;
		};
/* End PBXResourcesBuildPhase section */

/* Begin PBXSourcesBuildPhase section */
		AFDC1CC429472EEA00A19D1B /* Sources */ = {
			isa = PBXSourcesBuildPhase;
			buildActionMask = 2147483647;
			files = (
				AFDC1CE029472FD000A19D1B /* RequestMethod.swift in Sources */,
				AFDC1CF8294732C500A19D1B /* MainViewController.swift in Sources */,
				AFDC1CEA2947302600A19D1B /* Requestable.swift in Sources */,
				AFDC1D032947333A00A19D1B /* CategoryListResponseModel.swift in Sources */,
				AFDC1CD029472EEA00A19D1B /* ViewController.swift in Sources */,
				AFDC1CCC29472EEA00A19D1B /* AppDelegate.swift in Sources */,
				AFDC1CED2947304E00A19D1B /* UrlSessionManager.swift in Sources */,
				AFDC1CE429472FED00A19D1B /* ApiConstant.swift in Sources */,
				AFDC1CCE29472EEA00A19D1B /* SceneDelegate.swift in Sources */,
				AFDC1D0C2947339F00A19D1B /* MainViewModelProtocol.swift in Sources */,
				AFDC1D092947338300A19D1B /* MainDataProviderProtocol.swift in Sources */,
				AFDC1CE72947300A00A19D1B /* ApiError.swift in Sources */,
				AFDC1CFF2947330C00A19D1B /* CategoryListRequestModel.swift in Sources */,
				AFDC1D13294733E100A19D1B /* MainViewModel.swift in Sources */,
				AFDC1D0E294733B400A19D1B /* MainFetchable.swift in Sources */,
				AFDC1CF4294730D400A19D1B /* String+Extension.swift in Sources */,
				AFDC1CF0294730B900A19D1B /* Requestable+Extension.swift in Sources */,
				AFDC1D062947336100A19D1B /* MainNetworkManager.swift in Sources */,
				AFDC1D10294733CF00A19D1B /* MainDataProvider.swift in Sources */,
			);
			runOnlyForDeploymentPostprocessing = 0;
		};
/* End PBXSourcesBuildPhase section */

/* Begin PBXVariantGroup section */
		AFDC1CD129472EEA00A19D1B /* Main.storyboard */ = {
			isa = PBXVariantGroup;
			children = (
				AFDC1CD229472EEA00A19D1B /* Base */,
			);
			name = Main.storyboard;
			sourceTree = "<group>";
		};
		AFDC1CD629472EEC00A19D1B /* LaunchScreen.storyboard */ = {
			isa = PBXVariantGroup;
			children = (
				AFDC1CD729472EEC00A19D1B /* Base */,
			);
			name = LaunchScreen.storyboard;
			sourceTree = "<group>";
		};
/* End PBXVariantGroup section */

/* Begin XCBuildConfiguration section */
		AFDC1CDA29472EEC00A19D1B /* Debug */ = {
			isa = XCBuildConfiguration;
			buildSettings = {
				ALWAYS_SEARCH_USER_PATHS = NO;
				CLANG_ANALYZER_NONNULL = YES;
				CLANG_ANALYZER_NUMBER_OBJECT_CONVERSION = YES_AGGRESSIVE;
				CLANG_CXX_LANGUAGE_STANDARD = "gnu++20";
				CLANG_ENABLE_MODULES = YES;
				CLANG_ENABLE_OBJC_ARC = YES;
				CLANG_ENABLE_OBJC_WEAK = YES;
				CLANG_WARN_BLOCK_CAPTURE_AUTORELEASING = YES;
				CLANG_WARN_BOOL_CONVERSION = YES;
				CLANG_WARN_COMMA = YES;
				CLANG_WARN_CONSTANT_CONVERSION = YES;
				CLANG_WARN_DEPRECATED_OBJC_IMPLEMENTATIONS = YES;
				CLANG_WARN_DIRECT_OBJC_ISA_USAGE = YES_ERROR;
				CLANG_WARN_DOCUMENTATION_COMMENTS = YES;
				CLANG_WARN_EMPTY_BODY = YES;
				CLANG_WARN_ENUM_CONVERSION = YES;
				CLANG_WARN_INFINITE_RECURSION = YES;
				CLANG_WARN_INT_CONVERSION = YES;
				CLANG_WARN_NON_LITERAL_NULL_CONVERSION = YES;
				CLANG_WARN_OBJC_IMPLICIT_RETAIN_SELF = YES;
				CLANG_WARN_OBJC_LITERAL_CONVERSION = YES;
				CLANG_WARN_OBJC_ROOT_CLASS = YES_ERROR;
				CLANG_WARN_QUOTED_INCLUDE_IN_FRAMEWORK_HEADER = YES;
				CLANG_WARN_RANGE_LOOP_ANALYSIS = YES;
				CLANG_WARN_STRICT_PROTOTYPES = YES;
				CLANG_WARN_SUSPICIOUS_MOVE = YES;
				CLANG_WARN_UNGUARDED_AVAILABILITY = YES_AGGRESSIVE;
				CLANG_WARN_UNREACHABLE_CODE = YES;
				CLANG_WARN__DUPLICATE_METHOD_MATCH = YES;
				COPY_PHASE_STRIP = NO;
				DEBUG_INFORMATION_FORMAT = dwarf;
				ENABLE_STRICT_OBJC_MSGSEND = YES;
				ENABLE_TESTABILITY = YES;
				GCC_C_LANGUAGE_STANDARD = gnu11;
				GCC_DYNAMIC_NO_PIC = NO;
				GCC_NO_COMMON_BLOCKS = YES;
				GCC_OPTIMIZATION_LEVEL = 0;
				GCC_PREPROCESSOR_DEFINITIONS = (
					"DEBUG=1",
					"$(inherited)",
				);
				GCC_WARN_64_TO_32_BIT_CONVERSION = YES;
				GCC_WARN_ABOUT_RETURN_TYPE = YES_ERROR;
				GCC_WARN_UNDECLARED_SELECTOR = YES;
				GCC_WARN_UNINITIALIZED_AUTOS = YES_AGGRESSIVE;
				GCC_WARN_UNUSED_FUNCTION = YES;
				GCC_WARN_UNUSED_VARIABLE = YES;
				IPHONEOS_DEPLOYMENT_TARGET = 16.0;
				MTL_ENABLE_DEBUG_INFO = INCLUDE_SOURCE;
				MTL_FAST_MATH = YES;
				ONLY_ACTIVE_ARCH = YES;
				SDKROOT = iphoneos;
				SWIFT_ACTIVE_COMPILATION_CONDITIONS = DEBUG;
				SWIFT_OPTIMIZATION_LEVEL = "-Onone";
			};
			name = Debug;
		};
		AFDC1CDB29472EEC00A19D1B /* Release */ = {
			isa = XCBuildConfiguration;
			buildSettings = {
				ALWAYS_SEARCH_USER_PATHS = NO;
				CLANG_ANALYZER_NONNULL = YES;
				CLANG_ANALYZER_NUMBER_OBJECT_CONVERSION = YES_AGGRESSIVE;
				CLANG_CXX_LANGUAGE_STANDARD = "gnu++20";
				CLANG_ENABLE_MODULES = YES;
				CLANG_ENABLE_OBJC_ARC = YES;
				CLANG_ENABLE_OBJC_WEAK = YES;
				CLANG_WARN_BLOCK_CAPTURE_AUTORELEASING = YES;
				CLANG_WARN_BOOL_CONVERSION = YES;
				CLANG_WARN_COMMA = YES;
				CLANG_WARN_CONSTANT_CONVERSION = YES;
				CLANG_WARN_DEPRECATED_OBJC_IMPLEMENTATIONS = YES;
				CLANG_WARN_DIRECT_OBJC_ISA_USAGE = YES_ERROR;
				CLANG_WARN_DOCUMENTATION_COMMENTS = YES;
				CLANG_WARN_EMPTY_BODY = YES;
				CLANG_WARN_ENUM_CONVERSION = YES;
				CLANG_WARN_INFINITE_RECURSION = YES;
				CLANG_WARN_INT_CONVERSION = YES;
				CLANG_WARN_NON_LITERAL_NULL_CONVERSION = YES;
				CLANG_WARN_OBJC_IMPLICIT_RETAIN_SELF = YES;
				CLANG_WARN_OBJC_LITERAL_CONVERSION = YES;
				CLANG_WARN_OBJC_ROOT_CLASS = YES_ERROR;
				CLANG_WARN_QUOTED_INCLUDE_IN_FRAMEWORK_HEADER = YES;
				CLANG_WARN_RANGE_LOOP_ANALYSIS = YES;
				CLANG_WARN_STRICT_PROTOTYPES = YES;
				CLANG_WARN_SUSPICIOUS_MOVE = YES;
				CLANG_WARN_UNGUARDED_AVAILABILITY = YES_AGGRESSIVE;
				CLANG_WARN_UNREACHABLE_CODE = YES;
				CLANG_WARN__DUPLICATE_METHOD_MATCH = YES;
				COPY_PHASE_STRIP = NO;
				DEBUG_INFORMATION_FORMAT = "dwarf-with-dsym";
				ENABLE_NS_ASSERTIONS = NO;
				ENABLE_STRICT_OBJC_MSGSEND = YES;
				GCC_C_LANGUAGE_STANDARD = gnu11;
				GCC_NO_COMMON_BLOCKS = YES;
				GCC_WARN_64_TO_32_BIT_CONVERSION = YES;
				GCC_WARN_ABOUT_RETURN_TYPE = YES_ERROR;
				GCC_WARN_UNDECLARED_SELECTOR = YES;
				GCC_WARN_UNINITIALIZED_AUTOS = YES_AGGRESSIVE;
				GCC_WARN_UNUSED_FUNCTION = YES;
				GCC_WARN_UNUSED_VARIABLE = YES;
				IPHONEOS_DEPLOYMENT_TARGET = 16.0;
				MTL_ENABLE_DEBUG_INFO = NO;
				MTL_FAST_MATH = YES;
				SDKROOT = iphoneos;
				SWIFT_COMPILATION_MODE = wholemodule;
				SWIFT_OPTIMIZATION_LEVEL = "-O";
				VALIDATE_PRODUCT = YES;
			};
			name = Release;
		};
		AFDC1CDD29472EEC00A19D1B /* Debug */ = {
			isa = XCBuildConfiguration;
			buildSettings = {
				ASSETCATALOG_COMPILER_APPICON_NAME = AppIcon;
				ASSETCATALOG_COMPILER_GLOBAL_ACCENT_COLOR_NAME = AccentColor;
				CODE_SIGN_STYLE = Automatic;
				CURRENT_PROJECT_VERSION = 1;
				DEVELOPMENT_TEAM = 63Y74HYCKH;
				GENERATE_INFOPLIST_FILE = YES;
				INFOPLIST_FILE = PlayerArea/Info.plist;
				INFOPLIST_KEY_UIApplicationSupportsIndirectInputEvents = YES;
				INFOPLIST_KEY_UILaunchStoryboardName = LaunchScreen;
				INFOPLIST_KEY_UIMainStoryboardFile = Main;
				INFOPLIST_KEY_UISupportedInterfaceOrientations_iPad = "UIInterfaceOrientationPortrait UIInterfaceOrientationPortraitUpsideDown UIInterfaceOrientationLandscapeLeft UIInterfaceOrientationLandscapeRight";
				INFOPLIST_KEY_UISupportedInterfaceOrientations_iPhone = "UIInterfaceOrientationPortrait UIInterfaceOrientationLandscapeLeft UIInterfaceOrientationLandscapeRight";
				LD_RUNPATH_SEARCH_PATHS = (
					"$(inherited)",
					"@executable_path/Frameworks",
				);
				MARKETING_VERSION = 1.0;
				PRODUCT_BUNDLE_IDENTIFIER = com.ufukkosker.PlayerArea;
				PRODUCT_NAME = "$(TARGET_NAME)";
				SWIFT_EMIT_LOC_STRINGS = YES;
				SWIFT_VERSION = 5.0;
				TARGETED_DEVICE_FAMILY = "1,2";
			};
			name = Debug;
		};
		AFDC1CDE29472EEC00A19D1B /* Release */ = {
			isa = XCBuildConfiguration;
			buildSettings = {
				ASSETCATALOG_COMPILER_APPICON_NAME = AppIcon;
				ASSETCATALOG_COMPILER_GLOBAL_ACCENT_COLOR_NAME = AccentColor;
				CODE_SIGN_STYLE = Automatic;
				CURRENT_PROJECT_VERSION = 1;
				DEVELOPMENT_TEAM = 63Y74HYCKH;
				GENERATE_INFOPLIST_FILE = YES;
				INFOPLIST_FILE = PlayerArea/Info.plist;
				INFOPLIST_KEY_UIApplicationSupportsIndirectInputEvents = YES;
				INFOPLIST_KEY_UILaunchStoryboardName = LaunchScreen;
				INFOPLIST_KEY_UIMainStoryboardFile = Main;
				INFOPLIST_KEY_UISupportedInterfaceOrientations_iPad = "UIInterfaceOrientationPortrait UIInterfaceOrientationPortraitUpsideDown UIInterfaceOrientationLandscapeLeft UIInterfaceOrientationLandscapeRight";
				INFOPLIST_KEY_UISupportedInterfaceOrientations_iPhone = "UIInterfaceOrientationPortrait UIInterfaceOrientationLandscapeLeft UIInterfaceOrientationLandscapeRight";
				LD_RUNPATH_SEARCH_PATHS = (
					"$(inherited)",
					"@executable_path/Frameworks",
				);
				MARKETING_VERSION = 1.0;
				PRODUCT_BUNDLE_IDENTIFIER = com.ufukkosker.PlayerArea;
				PRODUCT_NAME = "$(TARGET_NAME)";
				SWIFT_EMIT_LOC_STRINGS = YES;
				SWIFT_VERSION = 5.0;
				TARGETED_DEVICE_FAMILY = "1,2";
			};
			name = Release;
		};
/* End XCBuildConfiguration section */

/* Begin XCConfigurationList section */
		AFDC1CC329472EEA00A19D1B /* Build configuration list for PBXProject "PlayerArea" */ = {
			isa = XCConfigurationList;
			buildConfigurations = (
				AFDC1CDA29472EEC00A19D1B /* Debug */,
				AFDC1CDB29472EEC00A19D1B /* Release */,
			);
			defaultConfigurationIsVisible = 0;
			defaultConfigurationName = Release;
		};
		AFDC1CDC29472EEC00A19D1B /* Build configuration list for PBXNativeTarget "PlayerArea" */ = {
			isa = XCConfigurationList;
			buildConfigurations = (
				AFDC1CDD29472EEC00A19D1B /* Debug */,
				AFDC1CDE29472EEC00A19D1B /* Release */,
			);
			defaultConfigurationIsVisible = 0;
			defaultConfigurationName = Release;
		};
/* End XCConfigurationList section */
	};
	rootObject = AFDC1CC029472EEA00A19D1B /* Project object */;
}
